
Microsoft Visual Studio Solution File, Format Version 12.00
# Visual Studio 14
VisualStudioVersion = 14.0.22310.1
MinimumVisualStudioVersion = 10.0.40219.1
Project("{2150E333-8FDC-42A3-9474-1A3956D46DE8}") = "MVVMLight-BasicDemo", "MVVMLight-BasicDemo", "{BCC73D09-5962-435C-8A58-9AA7B578CFB3}"
EndProject
Project("{D954291E-2A0B-460D-934E-DC6B0785DB48}") = "MVVMLightDemo.Shared", "MVVMLight-BasicDemo\MVVMLightDemo.Shared\MVVMLightDemo.Shared.shproj", "{EF0728E4-8840-47F9-9CEF-6C28642FF82C}"
EndProject
Project("{FAE04EC0-301F-11D3-BF4B-00C04F79EFBC}") = "MVVMLightDemo.Windows", "MVVMLight-BasicDemo\MVVMLightDemo.Windows\MVVMLightDemo.Windows.csproj", "{E4797013-4892-4760-BF85-0131D9B92440}"
EndProject
Project("{FAE04EC0-301F-11D3-BF4B-00C04F79EFBC}") = "MVVMLightDemo.WindowsPhone", "MVVMLight-BasicDemo\MVVMLightDemo.WindowsPhone\MVVMLightDemo.WindowsPhone.csproj", "{6C61DC1F-1BA6-46A4-940F-6D92EDD19821}"
EndProject
Project("{2150E333-8FDC-42A3-9474-1A3956D46DE8}") = "MVVMLight-DesignData", "MVVMLight-DesignData", "{A46AF472-B85E-4CAD-8750-3F7037818F73}"
EndProject
Project("{D954291E-2A0B-460D-934E-DC6B0785DB48}") = "MVVMLightDesignData.Shared", "MVVMLight-DesignData\MVVMLightDesignData.Shared\MVVMLightDesignData.Shared.shproj", "{49DB8F43-0EDE-43BB-BFE6-80021281449F}"
EndProject
Project("{FAE04EC0-301F-11D3-BF4B-00C04F79EFBC}") = "MVVMLightDesignData.Windows", "MVVMLight-DesignData\MVVMLightDesignData.Windows\MVVMLightDesignData.Windows.csproj", "{D6152041-AA43-4809-A0CF-526A5E53B6D9}"
EndProject
Project("{FAE04EC0-301F-11D3-BF4B-00C04F79EFBC}") = "MVVMLightDesignData.WindowsPhone", "MVVMLight-DesignData\MVVMLightDesignData.WindowsPhone\MVVMLightDesignData.WindowsPhone.csproj", "{5BE1A97A-488A-4FBE-950E-4AC7D96DAE3D}"
EndProject
Project("{2150E333-8FDC-42A3-9474-1A3956D46DE8}") = "Caliburn-BasicDemo", "Caliburn-BasicDemo", "{5035B0F5-CC27-4608-A13D-6ACDA0A6444D}"
EndProject
Project("{D954291E-2A0B-460D-934E-DC6B0785DB48}") = "Caliburn-BasicDemo.Shared", "Caliburn-BasicDemo\Caliburn-BasicDemo.Shared\Caliburn-BasicDemo.Shared.shproj", "{FAA64625-5FA0-4A55-9FBA-758C84393447}"
EndProject
Project("{FAE04EC0-301F-11D3-BF4B-00C04F79EFBC}") = "Caliburn-BasicDemo.Windows", "Caliburn-BasicDemo\Caliburn-BasicDemo.Windows\Caliburn-BasicDemo.Windows.csproj", "{78FD266F-A9B9-4AED-A74D-08F14BEDCD48}"
EndProject
Project("{FAE04EC0-301F-11D3-BF4B-00C04F79EFBC}") = "Caliburn-BasicDemo.WindowsPhone", "Caliburn-BasicDemo\Caliburn-BasicDemo.WindowsPhone\Caliburn-BasicDemo.WindowsPhone.csproj", "{5C7E0E66-24C0-405F-817B-D92919F2E42F}"
EndProject
Project("{2150E333-8FDC-42A3-9474-1A3956D46DE8}") = "Caliburn-AdvancedDemo", "Caliburn-AdvancedDemo", "{BD0A8485-5CDD-43A0-816B-23ADAF95A2FE}"
EndProject
Project("{D954291E-2A0B-460D-934E-DC6B0785DB48}") = "Caliburn-AdvancedDemo.Shared", "Caliburn-AdvancedDemo\Caliburn-AdvancedDemo.Shared\Caliburn-AdvancedDemo.Shared.shproj", "{613582E9-A8BF-498F-A7EC-DA6B076216F1}"
EndProject
Project("{FAE04EC0-301F-11D3-BF4B-00C04F79EFBC}") = "Caliburn-AdvancedDemo.Windows", "Caliburn-AdvancedDemo\Caliburn-AdvancedDemo.Windows\Caliburn-AdvancedDemo.Windows.csproj", "{A8F87591-F91C-4282-9E44-79A3B955D102}"
EndProject
Project("{FAE04EC0-301F-11D3-BF4B-00C04F79EFBC}") = "Caliburn-AdvancedDemo.WindowsPhone", "Caliburn-AdvancedDemo\Caliburn-AdvancedDemo.WindowsPhone\Caliburn-AdvancedDemo.WindowsPhone.csproj", "{640DE7C0-CC7F-4D81-B8DD-408470926560}"
EndProject
Project("{2150E333-8FDC-42A3-9474-1A3956D46DE8}") = "Prism-BasicDemo", "Prism-BasicDemo", "{2D9DFBBC-E79B-4140-9E2F-C70711378E14}"
EndProject
Project("{D954291E-2A0B-460D-934E-DC6B0785DB48}") = "PrismDemo.Shared", "Prism-BasicDemo\PrismDemo.Shared\PrismDemo.Shared.shproj", "{EC18609C-AA4A-4B5F-AC94-3C2C0655A72F}"
EndProject
Project("{FAE04EC0-301F-11D3-BF4B-00C04F79EFBC}") = "PrismDemo.Windows", "Prism-BasicDemo\PrismDemo.Windows\PrismDemo.Windows.csproj", "{6C662663-219A-4FD5-AE86-D67E44C1A233}"
EndProject
Project("{FAE04EC0-301F-11D3-BF4B-00C04F79EFBC}") = "PrismDemo.WindowsPhone", "Prism-BasicDemo\PrismDemo.WindowsPhone\PrismDemo.WindowsPhone.csproj", "{56227EDB-F236-47F4-B5E0-BD4166D7C35D}"
EndProject
Project("{2150E333-8FDC-42A3-9474-1A3956D46DE8}") = "Prism-DesignData", "Prism-DesignData", "{A4B84ECE-7C3D-48E5-A535-18B2E3418C90}"
EndProject
Project("{D954291E-2A0B-460D-934E-DC6B0785DB48}") = "Prism-DesignData.Shared", "Prism-DesignData\Prism-DesignData.Shared\Prism-DesignData.Shared.shproj", "{D3C3A7E2-C3FF-4E5C-B30E-C4802C6ABBFB}"
EndProject
Project("{FAE04EC0-301F-11D3-BF4B-00C04F79EFBC}") = "Prism-DesignData.Windows", "Prism-DesignData\Prism-DesignData.Windows\Prism-DesignData.Windows.csproj", "{2A89B172-0380-4C8C-891C-7852015D405B}"
EndProject
Project("{FAE04EC0-301F-11D3-BF4B-00C04F79EFBC}") = "Prism-DesignData.WindowsPhone", "Prism-DesignData\Prism-DesignData.WindowsPhone\Prism-DesignData.WindowsPhone.csproj", "{79B6F6CF-E20A-4418-B784-0CB0A59A586F}"
EndProject
Project("{2150E333-8FDC-42A3-9474-1A3956D46DE8}") = "Prism-AdvancedDemo", "Prism-AdvancedDemo", "{162D1C39-8367-45CF-9BBB-10A61AE8DC0E}"
EndProject
Project("{D954291E-2A0B-460D-934E-DC6B0785DB48}") = "Prism-AdvancedDemo.Shared", "Prism-AdvancedDemo\Prism-AdvancedDemo.Shared\Prism-AdvancedDemo.Shared.shproj", "{DB25D176-6C74-4F2C-8E01-B9294D6110D6}"
EndProject
Project("{FAE04EC0-301F-11D3-BF4B-00C04F79EFBC}") = "Prism-AdvancedDemo.Windows", "Prism-AdvancedDemo\Prism-AdvancedDemo.Windows\Prism-AdvancedDemo.Windows.csproj", "{13E6719C-CB6D-42A2-AB12-978E34535C71}"
EndProject
Project("{FAE04EC0-301F-11D3-BF4B-00C04F79EFBC}") = "Prism-AdvancedDemo.WindowsPhone", "Prism-AdvancedDemo\Prism-AdvancedDemo.WindowsPhone\Prism-AdvancedDemo.WindowsPhone.csproj", "{165EFB94-62F5-46D2-9334-B2E9A607A801}"
EndProject
Project("{2150E333-8FDC-42A3-9474-1A3956D46DE8}") = "Prism-Messages", "Prism-Messages", "{CC22E56F-DB2A-43E4-B791-5E1CF933C633}"
EndProject
Project("{D954291E-2A0B-460D-934E-DC6B0785DB48}") = "Prism-Messages.Shared", "Prism-Messages\Prism-Messages.Shared\Prism-Messages.Shared.shproj", "{13DCC669-9236-4B25-8EB8-44CC7F146790}"
EndProject
Project("{FAE04EC0-301F-11D3-BF4B-00C04F79EFBC}") = "Prism-Messages.Windows", "Prism-Messages\Prism-Messages.Windows\Prism-Messages.Windows.csproj", "{0CBB2144-DB4B-440D-8166-2E571DFBF2FD}"
EndProject
Project("{FAE04EC0-301F-11D3-BF4B-00C04F79EFBC}") = "Prism-Messages.WindowsPhone", "Prism-Messages\Prism-Messages.WindowsPhone\Prism-Messages.WindowsPhone.csproj", "{B4F6CA48-97CB-483D-9173-8815925B7208}"
EndProject
Project("{2150E333-8FDC-42A3-9474-1A3956D46DE8}") = "Prism-SessionManagement", "Prism-SessionManagement", "{2199DE7D-7A40-477C-8BE0-645FBF2B39D7}"
EndProject
Project("{D954291E-2A0B-460D-934E-DC6B0785DB48}") = "Prism-SessionManagement.Shared", "Prism-SessionManagement\Prism-SessionManagement.Shared\Prism-SessionManagement.Shared.shproj", "{778DF251-5EFC-4ED0-B007-EBD34FDDFC96}"
EndProject
Project("{FAE04EC0-301F-11D3-BF4B-00C04F79EFBC}") = "Prism-SessionManagement.Windows", "Prism-SessionManagement\Prism-SessionManagement.Windows\Prism-SessionManagement.Windows.csproj", "{AF09C2C2-F7DD-475E-85E8-0DABE88C3571}"
EndProject
Project("{FAE04EC0-301F-11D3-BF4B-00C04F79EFBC}") = "Prism-SessionManagement.WindowsPhone", "Prism-SessionManagement\Prism-SessionManagement.WindowsPhone\Prism-SessionManagement.WindowsPhone.csproj", "{533F9FC1-D00F-4CE6-8E10-D2938F476AE4}"
EndProject
Global
	GlobalSection(SharedMSBuildProjectFiles) = preSolution
		Prism-DesignData\Prism-DesignData.Shared\Prism-DesignData.Shared.projitems*{79b6f6cf-e20a-4418-b784-0cb0a59a586f}*SharedItemsImports = 4
		Prism-BasicDemo\PrismDemo.Shared\PrismDemo.Shared.projitems*{6c662663-219a-4fd5-ae86-d67e44c1a233}*SharedItemsImports = 4
		Caliburn-BasicDemo\Caliburn-BasicDemo.Shared\Caliburn-BasicDemo.Shared.projitems*{5c7e0e66-24c0-405f-817b-d92919f2e42f}*SharedItemsImports = 4
		Prism-Messages\Prism-Messages.Shared\Prism-Messages.Shared.projitems*{b4f6ca48-97cb-483d-9173-8815925b7208}*SharedItemsImports = 4
		MVVMLight-BasicDemo\MVVMLightDemo.Shared\MVVMLightDemo.Shared.projitems*{e4797013-4892-4760-bf85-0131d9b92440}*SharedItemsImports = 4
		Prism-SessionManagement\Prism-SessionManagement.Shared\Prism-SessionManagement.Shared.projitems*{778df251-5efc-4ed0-b007-ebd34fddfc96}*SharedItemsImports = 13
		Prism-Messages\Prism-Messages.Shared\Prism-Messages.Shared.projitems*{13dcc669-9236-4b25-8eb8-44cc7f146790}*SharedItemsImports = 13
		Prism-AdvancedDemo\Prism-AdvancedDemo.Shared\Prism-AdvancedDemo.Shared.projitems*{165efb94-62f5-46d2-9334-b2e9a607a801}*SharedItemsImports = 4
		MVVMLight-DesignData\MVVMLightDesignData.Shared\MVVMLightDesignData.Shared.projitems*{49db8f43-0ede-43bb-bfe6-80021281449f}*SharedItemsImports = 13
		Caliburn-BasicDemo\Caliburn-BasicDemo.Shared\Caliburn-BasicDemo.Shared.projitems*{faa64625-5fa0-4a55-9fba-758c84393447}*SharedItemsImports = 13
		Prism-DesignData\Prism-DesignData.Shared\Prism-DesignData.Shared.projitems*{d3c3a7e2-c3ff-4e5c-b30e-c4802c6abbfb}*SharedItemsImports = 13
		Caliburn-BasicDemo\Caliburn-BasicDemo.Shared\Caliburn-BasicDemo.Shared.projitems*{78fd266f-a9b9-4aed-a74d-08f14bedcd48}*SharedItemsImports = 4
		Caliburn-AdvancedDemo\Caliburn-AdvancedDemo.Shared\Caliburn-AdvancedDemo.Shared.projitems*{640de7c0-cc7f-4d81-b8dd-408470926560}*SharedItemsImports = 4
		Prism-Messages\Prism-Messages.Shared\Prism-Messages.Shared.projitems*{0cbb2144-db4b-440d-8166-2e571dfbf2fd}*SharedItemsImports = 4
		MVVMLight-BasicDemo\MVVMLightDemo.Shared\MVVMLightDemo.Shared.projitems*{ef0728e4-8840-47f9-9cef-6c28642ff82c}*SharedItemsImports = 13
		Prism-AdvancedDemo\Prism-AdvancedDemo.Shared\Prism-AdvancedDemo.Shared.projitems*{db25d176-6c74-4f2c-8e01-b9294d6110d6}*SharedItemsImports = 13
		Caliburn-AdvancedDemo\Caliburn-AdvancedDemo.Shared\Caliburn-AdvancedDemo.Shared.projitems*{613582e9-a8bf-498f-a7ec-da6b076216f1}*SharedItemsImports = 13
		Prism-BasicDemo\PrismDemo.Shared\PrismDemo.Shared.projitems*{56227edb-f236-47f4-b5e0-bd4166d7c35d}*SharedItemsImports = 4
		MVVMLight-BasicDemo\MVVMLightDemo.Shared\MVVMLightDemo.Shared.projitems*{6c61dc1f-1ba6-46a4-940f-6d92edd19821}*SharedItemsImports = 4
		Caliburn-AdvancedDemo\Caliburn-AdvancedDemo.Shared\Caliburn-AdvancedDemo.Shared.projitems*{a8f87591-f91c-4282-9e44-79a3b955d102}*SharedItemsImports = 4
		MVVMLight-DesignData\MVVMLightDesignData.Shared\MVVMLightDesignData.Shared.projitems*{d6152041-aa43-4809-a0cf-526a5e53b6d9}*SharedItemsImports = 4
		Prism-AdvancedDemo\Prism-AdvancedDemo.Shared\Prism-AdvancedDemo.Shared.projitems*{13e6719c-cb6d-42a2-ab12-978e34535c71}*SharedItemsImports = 4
		Prism-DesignData\Prism-DesignData.Shared\Prism-DesignData.Shared.projitems*{2a89b172-0380-4c8c-891c-7852015d405b}*SharedItemsImports = 4
		Prism-SessionManagement\Prism-SessionManagement.Shared\Prism-SessionManagement.Shared.projitems*{533f9fc1-d00f-4ce6-8e10-d2938f476ae4}*SharedItemsImports = 4
		Prism-SessionManagement\Prism-SessionManagement.Shared\Prism-SessionManagement.Shared.projitems*{af09c2c2-f7dd-475e-85e8-0dabe88c3571}*SharedItemsImports = 4
		MVVMLight-DesignData\MVVMLightDesignData.Shared\MVVMLightDesignData.Shared.projitems*{5be1a97a-488a-4fbe-950e-4ac7d96dae3d}*SharedItemsImports = 4
		Prism-BasicDemo\PrismDemo.Shared\PrismDemo.Shared.projitems*{ec18609c-aa4a-4b5f-ac94-3c2c0655a72f}*SharedItemsImports = 13
	EndGlobalSection
	GlobalSection(SolutionConfigurationPlatforms) = preSolution
		Debug|Any CPU = Debug|Any CPU
		Debug|ARM = Debug|ARM
		Debug|x64 = Debug|x64
		Debug|x86 = Debug|x86
		Release|Any CPU = Release|Any CPU
		Release|ARM = Release|ARM
		Release|x64 = Release|x64
		Release|x86 = Release|x86
	EndGlobalSection
	GlobalSection(ProjectConfigurationPlatforms) = postSolution
		{E4797013-4892-4760-BF85-0131D9B92440}.Debug|Any CPU.ActiveCfg = Debug|Any CPU
		{E4797013-4892-4760-BF85-0131D9B92440}.Debug|Any CPU.Build.0 = Debug|Any CPU
		{E4797013-4892-4760-BF85-0131D9B92440}.Debug|Any CPU.Deploy.0 = Debug|Any CPU
		{E4797013-4892-4760-BF85-0131D9B92440}.Debug|ARM.ActiveCfg = Debug|ARM
		{E4797013-4892-4760-BF85-0131D9B92440}.Debug|ARM.Build.0 = Debug|ARM
		{E4797013-4892-4760-BF85-0131D9B92440}.Debug|ARM.Deploy.0 = Debug|ARM
		{E4797013-4892-4760-BF85-0131D9B92440}.Debug|x64.ActiveCfg = Debug|x64
		{E4797013-4892-4760-BF85-0131D9B92440}.Debug|x64.Build.0 = Debug|x64
		{E4797013-4892-4760-BF85-0131D9B92440}.Debug|x64.Deploy.0 = Debug|x64
		{E4797013-4892-4760-BF85-0131D9B92440}.Debug|x86.ActiveCfg = Debug|x86
		{E4797013-4892-4760-BF85-0131D9B92440}.Debug|x86.Build.0 = Debug|x86
		{E4797013-4892-4760-BF85-0131D9B92440}.Debug|x86.Deploy.0 = Debug|x86
		{E4797013-4892-4760-BF85-0131D9B92440}.Release|Any CPU.ActiveCfg = Release|Any CPU
		{E4797013-4892-4760-BF85-0131D9B92440}.Release|Any CPU.Build.0 = Release|Any CPU
		{E4797013-4892-4760-BF85-0131D9B92440}.Release|Any CPU.Deploy.0 = Release|Any CPU
		{E4797013-4892-4760-BF85-0131D9B92440}.Release|ARM.ActiveCfg = Release|ARM
		{E4797013-4892-4760-BF85-0131D9B92440}.Release|ARM.Build.0 = Release|ARM
		{E4797013-4892-4760-BF85-0131D9B92440}.Release|ARM.Deploy.0 = Release|ARM
		{E4797013-4892-4760-BF85-0131D9B92440}.Release|x64.ActiveCfg = Release|x64
		{E4797013-4892-4760-BF85-0131D9B92440}.Release|x64.Build.0 = Release|x64
		{E4797013-4892-4760-BF85-0131D9B92440}.Release|x64.Deploy.0 = Release|x64
		{E4797013-4892-4760-BF85-0131D9B92440}.Release|x86.ActiveCfg = Release|x86
		{E4797013-4892-4760-BF85-0131D9B92440}.Release|x86.Build.0 = Release|x86
		{E4797013-4892-4760-BF85-0131D9B92440}.Release|x86.Deploy.0 = Release|x86
		{6C61DC1F-1BA6-46A4-940F-6D92EDD19821}.Debug|Any CPU.ActiveCfg = Debug|Any CPU
		{6C61DC1F-1BA6-46A4-940F-6D92EDD19821}.Debug|Any CPU.Build.0 = Debug|Any CPU
		{6C61DC1F-1BA6-46A4-940F-6D92EDD19821}.Debug|Any CPU.Deploy.0 = Debug|Any CPU
		{6C61DC1F-1BA6-46A4-940F-6D92EDD19821}.Debug|ARM.ActiveCfg = Debug|ARM
		{6C61DC1F-1BA6-46A4-940F-6D92EDD19821}.Debug|ARM.Build.0 = Debug|ARM
		{6C61DC1F-1BA6-46A4-940F-6D92EDD19821}.Debug|ARM.Deploy.0 = Debug|ARM
		{6C61DC1F-1BA6-46A4-940F-6D92EDD19821}.Debug|x64.ActiveCfg = Debug|Any CPU
		{6C61DC1F-1BA6-46A4-940F-6D92EDD19821}.Debug|x64.Build.0 = Debug|Any CPU
		{6C61DC1F-1BA6-46A4-940F-6D92EDD19821}.Debug|x64.Deploy.0 = Debug|Any CPU
		{6C61DC1F-1BA6-46A4-940F-6D92EDD19821}.Debug|x86.ActiveCfg = Debug|x86
		{6C61DC1F-1BA6-46A4-940F-6D92EDD19821}.Debug|x86.Build.0 = Debug|x86
		{6C61DC1F-1BA6-46A4-940F-6D92EDD19821}.Debug|x86.Deploy.0 = Debug|x86
		{6C61DC1F-1BA6-46A4-940F-6D92EDD19821}.Release|Any CPU.ActiveCfg = Release|Any CPU
		{6C61DC1F-1BA6-46A4-940F-6D92EDD19821}.Release|Any CPU.Build.0 = Release|Any CPU
		{6C61DC1F-1BA6-46A4-940F-6D92EDD19821}.Release|Any CPU.Deploy.0 = Release|Any CPU
		{6C61DC1F-1BA6-46A4-940F-6D92EDD19821}.Release|ARM.ActiveCfg = Release|ARM
		{6C61DC1F-1BA6-46A4-940F-6D92EDD19821}.Release|ARM.Build.0 = Release|ARM
		{6C61DC1F-1BA6-46A4-940F-6D92EDD19821}.Release|ARM.Deploy.0 = Release|ARM
		{6C61DC1F-1BA6-46A4-940F-6D92EDD19821}.Release|x64.ActiveCfg = Release|Any CPU
		{6C61DC1F-1BA6-46A4-940F-6D92EDD19821}.Release|x64.Build.0 = Release|Any CPU
		{6C61DC1F-1BA6-46A4-940F-6D92EDD19821}.Release|x64.Deploy.0 = Release|Any CPU
		{6C61DC1F-1BA6-46A4-940F-6D92EDD19821}.Release|x86.ActiveCfg = Release|x86
		{6C61DC1F-1BA6-46A4-940F-6D92EDD19821}.Release|x86.Build.0 = Release|x86
		{6C61DC1F-1BA6-46A4-940F-6D92EDD19821}.Release|x86.Deploy.0 = Release|x86
		{D6152041-AA43-4809-A0CF-526A5E53B6D9}.Debug|Any CPU.ActiveCfg = Debug|Any CPU
		{D6152041-AA43-4809-A0CF-526A5E53B6D9}.Debug|Any CPU.Build.0 = Debug|Any CPU
		{D6152041-AA43-4809-A0CF-526A5E53B6D9}.Debug|Any CPU.Deploy.0 = Debug|Any CPU
		{D6152041-AA43-4809-A0CF-526A5E53B6D9}.Debug|ARM.ActiveCfg = Debug|ARM
		{D6152041-AA43-4809-A0CF-526A5E53B6D9}.Debug|ARM.Build.0 = Debug|ARM
		{D6152041-AA43-4809-A0CF-526A5E53B6D9}.Debug|ARM.Deploy.0 = Debug|ARM
		{D6152041-AA43-4809-A0CF-526A5E53B6D9}.Debug|x64.ActiveCfg = Debug|x64
		{D6152041-AA43-4809-A0CF-526A5E53B6D9}.Debug|x64.Build.0 = Debug|x64
		{D6152041-AA43-4809-A0CF-526A5E53B6D9}.Debug|x64.Deploy.0 = Debug|x64
		{D6152041-AA43-4809-A0CF-526A5E53B6D9}.Debug|x86.ActiveCfg = Debug|x86
		{D6152041-AA43-4809-A0CF-526A5E53B6D9}.Debug|x86.Build.0 = Debug|x86
		{D6152041-AA43-4809-A0CF-526A5E53B6D9}.Debug|x86.Deploy.0 = Debug|x86
		{D6152041-AA43-4809-A0CF-526A5E53B6D9}.Release|Any CPU.ActiveCfg = Release|Any CPU
		{D6152041-AA43-4809-A0CF-526A5E53B6D9}.Release|Any CPU.Build.0 = Release|Any CPU
		{D6152041-AA43-4809-A0CF-526A5E53B6D9}.Release|Any CPU.Deploy.0 = Release|Any CPU
		{D6152041-AA43-4809-A0CF-526A5E53B6D9}.Release|ARM.ActiveCfg = Release|ARM
		{D6152041-AA43-4809-A0CF-526A5E53B6D9}.Release|ARM.Build.0 = Release|ARM
		{D6152041-AA43-4809-A0CF-526A5E53B6D9}.Release|ARM.Deploy.0 = Release|ARM
		{D6152041-AA43-4809-A0CF-526A5E53B6D9}.Release|x64.ActiveCfg = Release|x64
		{D6152041-AA43-4809-A0CF-526A5E53B6D9}.Release|x64.Build.0 = Release|x64
		{D6152041-AA43-4809-A0CF-526A5E53B6D9}.Release|x64.Deploy.0 = Release|x64
		{D6152041-AA43-4809-A0CF-526A5E53B6D9}.Release|x86.ActiveCfg = Release|x86
		{D6152041-AA43-4809-A0CF-526A5E53B6D9}.Release|x86.Build.0 = Release|x86
		{D6152041-AA43-4809-A0CF-526A5E53B6D9}.Release|x86.Deploy.0 = Release|x86
		{5BE1A97A-488A-4FBE-950E-4AC7D96DAE3D}.Debug|Any CPU.ActiveCfg = Debug|Any CPU
		{5BE1A97A-488A-4FBE-950E-4AC7D96DAE3D}.Debug|Any CPU.Build.0 = Debug|Any CPU
		{5BE1A97A-488A-4FBE-950E-4AC7D96DAE3D}.Debug|Any CPU.Deploy.0 = Debug|Any CPU
		{5BE1A97A-488A-4FBE-950E-4AC7D96DAE3D}.Debug|ARM.ActiveCfg = Debug|ARM
		{5BE1A97A-488A-4FBE-950E-4AC7D96DAE3D}.Debug|ARM.Build.0 = Debug|ARM
		{5BE1A97A-488A-4FBE-950E-4AC7D96DAE3D}.Debug|ARM.Deploy.0 = Debug|ARM
		{5BE1A97A-488A-4FBE-950E-4AC7D96DAE3D}.Debug|x64.ActiveCfg = Debug|Any CPU
		{5BE1A97A-488A-4FBE-950E-4AC7D96DAE3D}.Debug|x64.Build.0 = Debug|Any CPU
		{5BE1A97A-488A-4FBE-950E-4AC7D96DAE3D}.Debug|x64.Deploy.0 = Debug|Any CPU
		{5BE1A97A-488A-4FBE-950E-4AC7D96DAE3D}.Debug|x86.ActiveCfg = Debug|x86
		{5BE1A97A-488A-4FBE-950E-4AC7D96DAE3D}.Debug|x86.Build.0 = Debug|x86
		{5BE1A97A-488A-4FBE-950E-4AC7D96DAE3D}.Debug|x86.Deploy.0 = Debug|x86
		{5BE1A97A-488A-4FBE-950E-4AC7D96DAE3D}.Release|Any CPU.ActiveCfg = Release|Any CPU
		{5BE1A97A-488A-4FBE-950E-4AC7D96DAE3D}.Release|Any CPU.Build.0 = Release|Any CPU
		{5BE1A97A-488A-4FBE-950E-4AC7D96DAE3D}.Release|Any CPU.Deploy.0 = Release|Any CPU
		{5BE1A97A-488A-4FBE-950E-4AC7D96DAE3D}.Release|ARM.ActiveCfg = Release|ARM
		{5BE1A97A-488A-4FBE-950E-4AC7D96DAE3D}.Release|ARM.Build.0 = Release|ARM
		{5BE1A97A-488A-4FBE-950E-4AC7D96DAE3D}.Release|ARM.Deploy.0 = Release|ARM
		{5BE1A97A-488A-4FBE-950E-4AC7D96DAE3D}.Release|x64.ActiveCfg = Release|Any CPU
		{5BE1A97A-488A-4FBE-950E-4AC7D96DAE3D}.Release|x64.Build.0 = Release|Any CPU
		{5BE1A97A-488A-4FBE-950E-4AC7D96DAE3D}.Release|x64.Deploy.0 = Release|Any CPU
		{5BE1A97A-488A-4FBE-950E-4AC7D96DAE3D}.Release|x86.ActiveCfg = Release|x86
		{5BE1A97A-488A-4FBE-950E-4AC7D96DAE3D}.Release|x86.Build.0 = Release|x86
		{5BE1A97A-488A-4FBE-950E-4AC7D96DAE3D}.Release|x86.Deploy.0 = Release|x86
		{78FD266F-A9B9-4AED-A74D-08F14BEDCD48}.Debug|Any CPU.ActiveCfg = Debug|Any CPU
		{78FD266F-A9B9-4AED-A74D-08F14BEDCD48}.Debug|Any CPU.Build.0 = Debug|Any CPU
		{78FD266F-A9B9-4AED-A74D-08F14BEDCD48}.Debug|Any CPU.Deploy.0 = Debug|Any CPU
		{78FD266F-A9B9-4AED-A74D-08F14BEDCD48}.Debug|ARM.ActiveCfg = Debug|ARM
		{78FD266F-A9B9-4AED-A74D-08F14BEDCD48}.Debug|ARM.Build.0 = Debug|ARM
		{78FD266F-A9B9-4AED-A74D-08F14BEDCD48}.Debug|ARM.Deploy.0 = Debug|ARM
		{78FD266F-A9B9-4AED-A74D-08F14BEDCD48}.Debug|x64.ActiveCfg = Debug|x64
		{78FD266F-A9B9-4AED-A74D-08F14BEDCD48}.Debug|x64.Build.0 = Debug|x64
		{78FD266F-A9B9-4AED-A74D-08F14BEDCD48}.Debug|x64.Deploy.0 = Debug|x64
		{78FD266F-A9B9-4AED-A74D-08F14BEDCD48}.Debug|x86.ActiveCfg = Debug|x86
		{78FD266F-A9B9-4AED-A74D-08F14BEDCD48}.Debug|x86.Build.0 = Debug|x86
		{78FD266F-A9B9-4AED-A74D-08F14BEDCD48}.Debug|x86.Deploy.0 = Debug|x86
		{78FD266F-A9B9-4AED-A74D-08F14BEDCD48}.Release|Any CPU.ActiveCfg = Release|Any CPU
		{78FD266F-A9B9-4AED-A74D-08F14BEDCD48}.Release|Any CPU.Build.0 = Release|Any CPU
		{78FD266F-A9B9-4AED-A74D-08F14BEDCD48}.Release|Any CPU.Deploy.0 = Release|Any CPU
		{78FD266F-A9B9-4AED-A74D-08F14BEDCD48}.Release|ARM.ActiveCfg = Release|ARM
		{78FD266F-A9B9-4AED-A74D-08F14BEDCD48}.Release|ARM.Build.0 = Release|ARM
		{78FD266F-A9B9-4AED-A74D-08F14BEDCD48}.Release|ARM.Deploy.0 = Release|ARM
		{78FD266F-A9B9-4AED-A74D-08F14BEDCD48}.Release|x64.ActiveCfg = Release|x64
		{78FD266F-A9B9-4AED-A74D-08F14BEDCD48}.Release|x64.Build.0 = Release|x64
		{78FD266F-A9B9-4AED-A74D-08F14BEDCD48}.Release|x64.Deploy.0 = Release|x64
		{78FD266F-A9B9-4AED-A74D-08F14BEDCD48}.Release|x86.ActiveCfg = Release|x86
		{78FD266F-A9B9-4AED-A74D-08F14BEDCD48}.Release|x86.Build.0 = Release|x86
		{78FD266F-A9B9-4AED-A74D-08F14BEDCD48}.Release|x86.Deploy.0 = Release|x86
		{5C7E0E66-24C0-405F-817B-D92919F2E42F}.Debug|Any CPU.ActiveCfg = Debug|Any CPU
		{5C7E0E66-24C0-405F-817B-D92919F2E42F}.Debug|Any CPU.Build.0 = Debug|Any CPU
		{5C7E0E66-24C0-405F-817B-D92919F2E42F}.Debug|Any CPU.Deploy.0 = Debug|Any CPU
		{5C7E0E66-24C0-405F-817B-D92919F2E42F}.Debug|ARM.ActiveCfg = Debug|ARM
		{5C7E0E66-24C0-405F-817B-D92919F2E42F}.Debug|ARM.Build.0 = Debug|ARM
		{5C7E0E66-24C0-405F-817B-D92919F2E42F}.Debug|ARM.Deploy.0 = Debug|ARM
		{5C7E0E66-24C0-405F-817B-D92919F2E42F}.Debug|x64.ActiveCfg = Debug|Any CPU
		{5C7E0E66-24C0-405F-817B-D92919F2E42F}.Debug|x64.Build.0 = Debug|Any CPU
		{5C7E0E66-24C0-405F-817B-D92919F2E42F}.Debug|x64.Deploy.0 = Debug|Any CPU
		{5C7E0E66-24C0-405F-817B-D92919F2E42F}.Debug|x86.ActiveCfg = Debug|x86
		{5C7E0E66-24C0-405F-817B-D92919F2E42F}.Debug|x86.Build.0 = Debug|x86
		{5C7E0E66-24C0-405F-817B-D92919F2E42F}.Debug|x86.Deploy.0 = Debug|x86
		{5C7E0E66-24C0-405F-817B-D92919F2E42F}.Release|Any CPU.ActiveCfg = Release|Any CPU
		{5C7E0E66-24C0-405F-817B-D92919F2E42F}.Release|Any CPU.Build.0 = Release|Any CPU
		{5C7E0E66-24C0-405F-817B-D92919F2E42F}.Release|Any CPU.Deploy.0 = Release|Any CPU
		{5C7E0E66-24C0-405F-817B-D92919F2E42F}.Release|ARM.ActiveCfg = Release|ARM
		{5C7E0E66-24C0-405F-817B-D92919F2E42F}.Release|ARM.Build.0 = Release|ARM
		{5C7E0E66-24C0-405F-817B-D92919F2E42F}.Release|ARM.Deploy.0 = Release|ARM
		{5C7E0E66-24C0-405F-817B-D92919F2E42F}.Release|x64.ActiveCfg = Release|Any CPU
		{5C7E0E66-24C0-405F-817B-D92919F2E42F}.Release|x64.Build.0 = Release|Any CPU
		{5C7E0E66-24C0-405F-817B-D92919F2E42F}.Release|x64.Deploy.0 = Release|Any CPU
		{5C7E0E66-24C0-405F-817B-D92919F2E42F}.Release|x86.ActiveCfg = Release|x86
		{5C7E0E66-24C0-405F-817B-D92919F2E42F}.Release|x86.Build.0 = Release|x86
		{5C7E0E66-24C0-405F-817B-D92919F2E42F}.Release|x86.Deploy.0 = Release|x86
		{A8F87591-F91C-4282-9E44-79A3B955D102}.Debug|Any CPU.ActiveCfg = Debug|Any CPU
		{A8F87591-F91C-4282-9E44-79A3B955D102}.Debug|Any CPU.Build.0 = Debug|Any CPU
		{A8F87591-F91C-4282-9E44-79A3B955D102}.Debug|Any CPU.Deploy.0 = Debug|Any CPU
		{A8F87591-F91C-4282-9E44-79A3B955D102}.Debug|ARM.ActiveCfg = Debug|ARM
		{A8F87591-F91C-4282-9E44-79A3B955D102}.Debug|ARM.Build.0 = Debug|ARM
		{A8F87591-F91C-4282-9E44-79A3B955D102}.Debug|ARM.Deploy.0 = Debug|ARM
		{A8F87591-F91C-4282-9E44-79A3B955D102}.Debug|x64.ActiveCfg = Debug|x64
		{A8F87591-F91C-4282-9E44-79A3B955D102}.Debug|x64.Build.0 = Debug|x64
		{A8F87591-F91C-4282-9E44-79A3B955D102}.Debug|x64.Deploy.0 = Debug|x64
		{A8F87591-F91C-4282-9E44-79A3B955D102}.Debug|x86.ActiveCfg = Debug|x86
		{A8F87591-F91C-4282-9E44-79A3B955D102}.Debug|x86.Build.0 = Debug|x86
		{A8F87591-F91C-4282-9E44-79A3B955D102}.Debug|x86.Deploy.0 = Debug|x86
		{A8F87591-F91C-4282-9E44-79A3B955D102}.Release|Any CPU.ActiveCfg = Release|Any CPU
		{A8F87591-F91C-4282-9E44-79A3B955D102}.Release|Any CPU.Build.0 = Release|Any CPU
		{A8F87591-F91C-4282-9E44-79A3B955D102}.Release|Any CPU.Deploy.0 = Release|Any CPU
		{A8F87591-F91C-4282-9E44-79A3B955D102}.Release|ARM.ActiveCfg = Release|ARM
		{A8F87591-F91C-4282-9E44-79A3B955D102}.Release|ARM.Build.0 = Release|ARM
		{A8F87591-F91C-4282-9E44-79A3B955D102}.Release|ARM.Deploy.0 = Release|ARM
		{A8F87591-F91C-4282-9E44-79A3B955D102}.Release|x64.ActiveCfg = Release|x64
		{A8F87591-F91C-4282-9E44-79A3B955D102}.Release|x64.Build.0 = Release|x64
		{A8F87591-F91C-4282-9E44-79A3B955D102}.Release|x64.Deploy.0 = Release|x64
		{A8F87591-F91C-4282-9E44-79A3B955D102}.Release|x86.ActiveCfg = Release|x86
		{A8F87591-F91C-4282-9E44-79A3B955D102}.Release|x86.Build.0 = Release|x86
		{A8F87591-F91C-4282-9E44-79A3B955D102}.Release|x86.Deploy.0 = Release|x86
		{640DE7C0-CC7F-4D81-B8DD-408470926560}.Debug|Any CPU.ActiveCfg = Debug|Any CPU
		{640DE7C0-CC7F-4D81-B8DD-408470926560}.Debug|Any CPU.Build.0 = Debug|Any CPU
		{640DE7C0-CC7F-4D81-B8DD-408470926560}.Debug|Any CPU.Deploy.0 = Debug|Any CPU
		{640DE7C0-CC7F-4D81-B8DD-408470926560}.Debug|ARM.ActiveCfg = Debug|ARM
		{640DE7C0-CC7F-4D81-B8DD-408470926560}.Debug|ARM.Build.0 = Debug|ARM
		{640DE7C0-CC7F-4D81-B8DD-408470926560}.Debug|ARM.Deploy.0 = Debug|ARM
		{640DE7C0-CC7F-4D81-B8DD-408470926560}.Debug|x64.ActiveCfg = Debug|Any CPU
		{640DE7C0-CC7F-4D81-B8DD-408470926560}.Debug|x64.Build.0 = Debug|Any CPU
		{640DE7C0-CC7F-4D81-B8DD-408470926560}.Debug|x64.Deploy.0 = Debug|Any CPU
		{640DE7C0-CC7F-4D81-B8DD-408470926560}.Debug|x86.ActiveCfg = Debug|x86
		{640DE7C0-CC7F-4D81-B8DD-408470926560}.Debug|x86.Build.0 = Debug|x86
		{640DE7C0-CC7F-4D81-B8DD-408470926560}.Debug|x86.Deploy.0 = Debug|x86
		{640DE7C0-CC7F-4D81-B8DD-408470926560}.Release|Any CPU.ActiveCfg = Release|Any CPU
		{640DE7C0-CC7F-4D81-B8DD-408470926560}.Release|Any CPU.Build.0 = Release|Any CPU
		{640DE7C0-CC7F-4D81-B8DD-408470926560}.Release|Any CPU.Deploy.0 = Release|Any CPU
		{640DE7C0-CC7F-4D81-B8DD-408470926560}.Release|ARM.ActiveCfg = Release|ARM
		{640DE7C0-CC7F-4D81-B8DD-408470926560}.Release|ARM.Build.0 = Release|ARM
		{640DE7C0-CC7F-4D81-B8DD-408470926560}.Release|ARM.Deploy.0 = Release|ARM
		{640DE7C0-CC7F-4D81-B8DD-408470926560}.Release|x64.ActiveCfg = Release|Any CPU
		{640DE7C0-CC7F-4D81-B8DD-408470926560}.Release|x64.Build.0 = Release|Any CPU
		{640DE7C0-CC7F-4D81-B8DD-408470926560}.Release|x64.Deploy.0 = Release|Any CPU
		{640DE7C0-CC7F-4D81-B8DD-408470926560}.Release|x86.ActiveCfg = Release|x86
		{640DE7C0-CC7F-4D81-B8DD-408470926560}.Release|x86.Build.0 = Release|x86
		{640DE7C0-CC7F-4D81-B8DD-408470926560}.Release|x86.Deploy.0 = Release|x86
		{6C662663-219A-4FD5-AE86-D67E44C1A233}.Debug|Any CPU.ActiveCfg = Debug|Any CPU
		{6C662663-219A-4FD5-AE86-D67E44C1A233}.Debug|Any CPU.Build.0 = Debug|Any CPU
		{6C662663-219A-4FD5-AE86-D67E44C1A233}.Debug|Any CPU.Deploy.0 = Debug|Any CPU
		{6C662663-219A-4FD5-AE86-D67E44C1A233}.Debug|ARM.ActiveCfg = Debug|ARM
		{6C662663-219A-4FD5-AE86-D67E44C1A233}.Debug|ARM.Build.0 = Debug|ARM
		{6C662663-219A-4FD5-AE86-D67E44C1A233}.Debug|ARM.Deploy.0 = Debug|ARM
		{6C662663-219A-4FD5-AE86-D67E44C1A233}.Debug|x64.ActiveCfg = Debug|x64
		{6C662663-219A-4FD5-AE86-D67E44C1A233}.Debug|x64.Build.0 = Debug|x64
		{6C662663-219A-4FD5-AE86-D67E44C1A233}.Debug|x64.Deploy.0 = Debug|x64
		{6C662663-219A-4FD5-AE86-D67E44C1A233}.Debug|x86.ActiveCfg = Debug|x86
		{6C662663-219A-4FD5-AE86-D67E44C1A233}.Debug|x86.Build.0 = Debug|x86
		{6C662663-219A-4FD5-AE86-D67E44C1A233}.Debug|x86.Deploy.0 = Debug|x86
		{6C662663-219A-4FD5-AE86-D67E44C1A233}.Release|Any CPU.ActiveCfg = Release|Any CPU
		{6C662663-219A-4FD5-AE86-D67E44C1A233}.Release|Any CPU.Build.0 = Release|Any CPU
		{6C662663-219A-4FD5-AE86-D67E44C1A233}.Release|Any CPU.Deploy.0 = Release|Any CPU
		{6C662663-219A-4FD5-AE86-D67E44C1A233}.Release|ARM.ActiveCfg = Release|ARM
		{6C662663-219A-4FD5-AE86-D67E44C1A233}.Release|ARM.Build.0 = Release|ARM
		{6C662663-219A-4FD5-AE86-D67E44C1A233}.Release|ARM.Deploy.0 = Release|ARM
		{6C662663-219A-4FD5-AE86-D67E44C1A233}.Release|x64.ActiveCfg = Release|x64
		{6C662663-219A-4FD5-AE86-D67E44C1A233}.Release|x64.Build.0 = Release|x64
		{6C662663-219A-4FD5-AE86-D67E44C1A233}.Release|x64.Deploy.0 = Release|x64
		{6C662663-219A-4FD5-AE86-D67E44C1A233}.Release|x86.ActiveCfg = Release|x86
		{6C662663-219A-4FD5-AE86-D67E44C1A233}.Release|x86.Build.0 = Release|x86
		{6C662663-219A-4FD5-AE86-D67E44C1A233}.Release|x86.Deploy.0 = Release|x86
		{56227EDB-F236-47F4-B5E0-BD4166D7C35D}.Debug|Any CPU.ActiveCfg = Debug|Any CPU
		{56227EDB-F236-47F4-B5E0-BD4166D7C35D}.Debug|Any CPU.Build.0 = Debug|Any CPU
		{56227EDB-F236-47F4-B5E0-BD4166D7C35D}.Debug|Any CPU.Deploy.0 = Debug|Any CPU
		{56227EDB-F236-47F4-B5E0-BD4166D7C35D}.Debug|ARM.ActiveCfg = Debug|ARM
		{56227EDB-F236-47F4-B5E0-BD4166D7C35D}.Debug|ARM.Build.0 = Debug|ARM
		{56227EDB-F236-47F4-B5E0-BD4166D7C35D}.Debug|ARM.Deploy.0 = Debug|ARM
		{56227EDB-F236-47F4-B5E0-BD4166D7C35D}.Debug|x64.ActiveCfg = Debug|Any CPU
		{56227EDB-F236-47F4-B5E0-BD4166D7C35D}.Debug|x64.Build.0 = Debug|Any CPU
		{56227EDB-F236-47F4-B5E0-BD4166D7C35D}.Debug|x64.Deploy.0 = Debug|Any CPU
		{56227EDB-F236-47F4-B5E0-BD4166D7C35D}.Debug|x86.ActiveCfg = Debug|x86
		{56227EDB-F236-47F4-B5E0-BD4166D7C35D}.Debug|x86.Build.0 = Debug|x86
		{56227EDB-F236-47F4-B5E0-BD4166D7C35D}.Debug|x86.Deploy.0 = Debug|x86
		{56227EDB-F236-47F4-B5E0-BD4166D7C35D}.Release|Any CPU.ActiveCfg = Release|Any CPU
		{56227EDB-F236-47F4-B5E0-BD4166D7C35D}.Release|Any CPU.Build.0 = Release|Any CPU
		{56227EDB-F236-47F4-B5E0-BD4166D7C35D}.Release|Any CPU.Deploy.0 = Release|Any CPU
		{56227EDB-F236-47F4-B5E0-BD4166D7C35D}.Release|ARM.ActiveCfg = Release|ARM
		{56227EDB-F236-47F4-B5E0-BD4166D7C35D}.Release|ARM.Build.0 = Release|ARM
		{56227EDB-F236-47F4-B5E0-BD4166D7C35D}.Release|ARM.Deploy.0 = Release|ARM
		{56227EDB-F236-47F4-B5E0-BD4166D7C35D}.Release|x64.ActiveCfg = Release|Any CPU
		{56227EDB-F236-47F4-B5E0-BD4166D7C35D}.Release|x64.Build.0 = Release|Any CPU
		{56227EDB-F236-47F4-B5E0-BD4166D7C35D}.Release|x64.Deploy.0 = Release|Any CPU
		{56227EDB-F236-47F4-B5E0-BD4166D7C35D}.Release|x86.ActiveCfg = Release|x86
		{56227EDB-F236-47F4-B5E0-BD4166D7C35D}.Release|x86.Build.0 = Release|x86
		{56227EDB-F236-47F4-B5E0-BD4166D7C35D}.Release|x86.Deploy.0 = Release|x86
		{2A89B172-0380-4C8C-891C-7852015D405B}.Debug|Any CPU.ActiveCfg = Debug|Any CPU
		{2A89B172-0380-4C8C-891C-7852015D405B}.Debug|Any CPU.Build.0 = Debug|Any CPU
		{2A89B172-0380-4C8C-891C-7852015D405B}.Debug|Any CPU.Deploy.0 = Debug|Any CPU
		{2A89B172-0380-4C8C-891C-7852015D405B}.Debug|ARM.ActiveCfg = Debug|ARM
		{2A89B172-0380-4C8C-891C-7852015D405B}.Debug|ARM.Build.0 = Debug|ARM
		{2A89B172-0380-4C8C-891C-7852015D405B}.Debug|ARM.Deploy.0 = Debug|ARM
		{2A89B172-0380-4C8C-891C-7852015D405B}.Debug|x64.ActiveCfg = Debug|x64
		{2A89B172-0380-4C8C-891C-7852015D405B}.Debug|x64.Build.0 = Debug|x64
		{2A89B172-0380-4C8C-891C-7852015D405B}.Debug|x64.Deploy.0 = Debug|x64
		{2A89B172-0380-4C8C-891C-7852015D405B}.Debug|x86.ActiveCfg = Debug|x86
		{2A89B172-0380-4C8C-891C-7852015D405B}.Debug|x86.Build.0 = Debug|x86
		{2A89B172-0380-4C8C-891C-7852015D405B}.Debug|x86.Deploy.0 = Debug|x86
		{2A89B172-0380-4C8C-891C-7852015D405B}.Release|Any CPU.ActiveCfg = Release|Any CPU
		{2A89B172-0380-4C8C-891C-7852015D405B}.Release|Any CPU.Build.0 = Release|Any CPU
		{2A89B172-0380-4C8C-891C-7852015D405B}.Release|Any CPU.Deploy.0 = Release|Any CPU
		{2A89B172-0380-4C8C-891C-7852015D405B}.Release|ARM.ActiveCfg = Release|ARM
		{2A89B172-0380-4C8C-891C-7852015D405B}.Release|ARM.Build.0 = Release|ARM
		{2A89B172-0380-4C8C-891C-7852015D405B}.Release|ARM.Deploy.0 = Release|ARM
		{2A89B172-0380-4C8C-891C-7852015D405B}.Release|x64.ActiveCfg = Release|x64
		{2A89B172-0380-4C8C-891C-7852015D405B}.Release|x64.Build.0 = Release|x64
		{2A89B172-0380-4C8C-891C-7852015D405B}.Release|x64.Deploy.0 = Release|x64
		{2A89B172-0380-4C8C-891C-7852015D405B}.Release|x86.ActiveCfg = Release|x86
		{2A89B172-0380-4C8C-891C-7852015D405B}.Release|x86.Build.0 = Release|x86
		{2A89B172-0380-4C8C-891C-7852015D405B}.Release|x86.Deploy.0 = Release|x86
		{79B6F6CF-E20A-4418-B784-0CB0A59A586F}.Debug|Any CPU.ActiveCfg = Debug|Any CPU
		{79B6F6CF-E20A-4418-B784-0CB0A59A586F}.Debug|Any CPU.Build.0 = Debug|Any CPU
		{79B6F6CF-E20A-4418-B784-0CB0A59A586F}.Debug|Any CPU.Deploy.0 = Debug|Any CPU
		{79B6F6CF-E20A-4418-B784-0CB0A59A586F}.Debug|ARM.ActiveCfg = Debug|ARM
		{79B6F6CF-E20A-4418-B784-0CB0A59A586F}.Debug|ARM.Build.0 = Debug|ARM
		{79B6F6CF-E20A-4418-B784-0CB0A59A586F}.Debug|ARM.Deploy.0 = Debug|ARM
		{79B6F6CF-E20A-4418-B784-0CB0A59A586F}.Debug|x64.ActiveCfg = Debug|Any CPU
		{79B6F6CF-E20A-4418-B784-0CB0A59A586F}.Debug|x64.Build.0 = Debug|Any CPU
		{79B6F6CF-E20A-4418-B784-0CB0A59A586F}.Debug|x64.Deploy.0 = Debug|Any CPU
		{79B6F6CF-E20A-4418-B784-0CB0A59A586F}.Debug|x86.ActiveCfg = Debug|x86
		{79B6F6CF-E20A-4418-B784-0CB0A59A586F}.Debug|x86.Build.0 = Debug|x86
		{79B6F6CF-E20A-4418-B784-0CB0A59A586F}.Debug|x86.Deploy.0 = Debug|x86
		{79B6F6CF-E20A-4418-B784-0CB0A59A586F}.Release|Any CPU.ActiveCfg = Release|Any CPU
		{79B6F6CF-E20A-4418-B784-0CB0A59A586F}.Release|Any CPU.Build.0 = Release|Any CPU
		{79B6F6CF-E20A-4418-B784-0CB0A59A586F}.Release|Any CPU.Deploy.0 = Release|Any CPU
		{79B6F6CF-E20A-4418-B784-0CB0A59A586F}.Release|ARM.ActiveCfg = Release|ARM
		{79B6F6CF-E20A-4418-B784-0CB0A59A586F}.Release|ARM.Build.0 = Release|ARM
		{79B6F6CF-E20A-4418-B784-0CB0A59A586F}.Release|ARM.Deploy.0 = Release|ARM
		{79B6F6CF-E20A-4418-B784-0CB0A59A586F}.Release|x64.ActiveCfg = Release|Any CPU
		{79B6F6CF-E20A-4418-B784-0CB0A59A586F}.Release|x64.Build.0 = Release|Any CPU
		{79B6F6CF-E20A-4418-B784-0CB0A59A586F}.Release|x64.Deploy.0 = Release|Any CPU
		{79B6F6CF-E20A-4418-B784-0CB0A59A586F}.Release|x86.ActiveCfg = Release|x86
		{79B6F6CF-E20A-4418-B784-0CB0A59A586F}.Release|x86.Build.0 = Release|x86
		{79B6F6CF-E20A-4418-B784-0CB0A59A586F}.Release|x86.Deploy.0 = Release|x86
		{13E6719C-CB6D-42A2-AB12-978E34535C71}.Debug|Any CPU.ActiveCfg = Debug|Any CPU
		{13E6719C-CB6D-42A2-AB12-978E34535C71}.Debug|Any CPU.Build.0 = Debug|Any CPU
		{13E6719C-CB6D-42A2-AB12-978E34535C71}.Debug|Any CPU.Deploy.0 = Debug|Any CPU
		{13E6719C-CB6D-42A2-AB12-978E34535C71}.Debug|ARM.ActiveCfg = Debug|ARM
		{13E6719C-CB6D-42A2-AB12-978E34535C71}.Debug|ARM.Build.0 = Debug|ARM
		{13E6719C-CB6D-42A2-AB12-978E34535C71}.Debug|ARM.Deploy.0 = Debug|ARM
		{13E6719C-CB6D-42A2-AB12-978E34535C71}.Debug|x64.ActiveCfg = Debug|x64
		{13E6719C-CB6D-42A2-AB12-978E34535C71}.Debug|x64.Build.0 = Debug|x64
		{13E6719C-CB6D-42A2-AB12-978E34535C71}.Debug|x64.Deploy.0 = Debug|x64
		{13E6719C-CB6D-42A2-AB12-978E34535C71}.Debug|x86.ActiveCfg = Debug|x86
		{13E6719C-CB6D-42A2-AB12-978E34535C71}.Debug|x86.Build.0 = Debug|x86
		{13E6719C-CB6D-42A2-AB12-978E34535C71}.Debug|x86.Deploy.0 = Debug|x86
		{13E6719C-CB6D-42A2-AB12-978E34535C71}.Release|Any CPU.ActiveCfg = Release|Any CPU
		{13E6719C-CB6D-42A2-AB12-978E34535C71}.Release|Any CPU.Build.0 = Release|Any CPU
		{13E6719C-CB6D-42A2-AB12-978E34535C71}.Release|Any CPU.Deploy.0 = Release|Any CPU
		{13E6719C-CB6D-42A2-AB12-978E34535C71}.Release|ARM.ActiveCfg = Release|ARM
		{13E6719C-CB6D-42A2-AB12-978E34535C71}.Release|ARM.Build.0 = Release|ARM
		{13E6719C-CB6D-42A2-AB12-978E34535C71}.Release|ARM.Deploy.0 = Release|ARM
		{13E6719C-CB6D-42A2-AB12-978E34535C71}.Release|x64.ActiveCfg = Release|x64
		{13E6719C-CB6D-42A2-AB12-978E34535C71}.Release|x64.Build.0 = Release|x64
		{13E6719C-CB6D-42A2-AB12-978E34535C71}.Release|x64.Deploy.0 = Release|x64
		{13E6719C-CB6D-42A2-AB12-978E34535C71}.Release|x86.ActiveCfg = Release|x86
		{13E6719C-CB6D-42A2-AB12-978E34535C71}.Release|x86.Build.0 = Release|x86
		{13E6719C-CB6D-42A2-AB12-978E34535C71}.Release|x86.Deploy.0 = Release|x86
		{165EFB94-62F5-46D2-9334-B2E9A607A801}.Debug|Any CPU.ActiveCfg = Debug|Any CPU
		{165EFB94-62F5-46D2-9334-B2E9A607A801}.Debug|Any CPU.Build.0 = Debug|Any CPU
		{165EFB94-62F5-46D2-9334-B2E9A607A801}.Debug|Any CPU.Deploy.0 = Debug|Any CPU
		{165EFB94-62F5-46D2-9334-B2E9A607A801}.Debug|ARM.ActiveCfg = Debug|ARM
		{165EFB94-62F5-46D2-9334-B2E9A607A801}.Debug|ARM.Build.0 = Debug|ARM
		{165EFB94-62F5-46D2-9334-B2E9A607A801}.Debug|ARM.Deploy.0 = Debug|ARM
		{165EFB94-62F5-46D2-9334-B2E9A607A801}.Debug|x64.ActiveCfg = Debug|Any CPU
		{165EFB94-62F5-46D2-9334-B2E9A607A801}.Debug|x64.Build.0 = Debug|Any CPU
		{165EFB94-62F5-46D2-9334-B2E9A607A801}.Debug|x64.Deploy.0 = Debug|Any CPU
		{165EFB94-62F5-46D2-9334-B2E9A607A801}.Debug|x86.ActiveCfg = Debug|x86
		{165EFB94-62F5-46D2-9334-B2E9A607A801}.Debug|x86.Build.0 = Debug|x86
		{165EFB94-62F5-46D2-9334-B2E9A607A801}.Debug|x86.Deploy.0 = Debug|x86
		{165EFB94-62F5-46D2-9334-B2E9A607A801}.Release|Any CPU.ActiveCfg = Release|Any CPU
		{165EFB94-62F5-46D2-9334-B2E9A607A801}.Release|Any CPU.Build.0 = Release|Any CPU
		{165EFB94-62F5-46D2-9334-B2E9A607A801}.Release|Any CPU.Deploy.0 = Release|Any CPU
		{165EFB94-62F5-46D2-9334-B2E9A607A801}.Release|ARM.ActiveCfg = Release|ARM
		{165EFB94-62F5-46D2-9334-B2E9A607A801}.Release|ARM.Build.0 = Release|ARM
		{165EFB94-62F5-46D2-9334-B2E9A607A801}.Release|ARM.Deploy.0 = Release|ARM
		{165EFB94-62F5-46D2-9334-B2E9A607A801}.Release|x64.ActiveCfg = Release|Any CPU
		{165EFB94-62F5-46D2-9334-B2E9A607A801}.Release|x64.Build.0 = Release|Any CPU
		{165EFB94-62F5-46D2-9334-B2E9A607A801}.Release|x64.Deploy.0 = Release|Any CPU
		{165EFB94-62F5-46D2-9334-B2E9A607A801}.Release|x86.ActiveCfg = Release|x86
		{165EFB94-62F5-46D2-9334-B2E9A607A801}.Release|x86.Build.0 = Release|x86
		{165EFB94-62F5-46D2-9334-B2E9A607A801}.Release|x86.Deploy.0 = Release|x86
		{0CBB2144-DB4B-440D-8166-2E571DFBF2FD}.Debug|Any CPU.ActiveCfg = Debug|Any CPU
		{0CBB2144-DB4B-440D-8166-2E571DFBF2FD}.Debug|Any CPU.Build.0 = Debug|Any CPU
		{0CBB2144-DB4B-440D-8166-2E571DFBF2FD}.Debug|Any CPU.Deploy.0 = Debug|Any CPU
		{0CBB2144-DB4B-440D-8166-2E571DFBF2FD}.Debug|ARM.ActiveCfg = Debug|ARM
		{0CBB2144-DB4B-440D-8166-2E571DFBF2FD}.Debug|ARM.Build.0 = Debug|ARM
		{0CBB2144-DB4B-440D-8166-2E571DFBF2FD}.Debug|ARM.Deploy.0 = Debug|ARM
		{0CBB2144-DB4B-440D-8166-2E571DFBF2FD}.Debug|x64.ActiveCfg = Debug|x64
		{0CBB2144-DB4B-440D-8166-2E571DFBF2FD}.Debug|x64.Build.0 = Debug|x64
		{0CBB2144-DB4B-440D-8166-2E571DFBF2FD}.Debug|x64.Deploy.0 = Debug|x64
		{0CBB2144-DB4B-440D-8166-2E571DFBF2FD}.Debug|x86.ActiveCfg = Debug|x86
		{0CBB2144-DB4B-440D-8166-2E571DFBF2FD}.Debug|x86.Build.0 = Debug|x86
		{0CBB2144-DB4B-440D-8166-2E571DFBF2FD}.Debug|x86.Deploy.0 = Debug|x86
		{0CBB2144-DB4B-440D-8166-2E571DFBF2FD}.Release|Any CPU.ActiveCfg = Release|Any CPU
		{0CBB2144-DB4B-440D-8166-2E571DFBF2FD}.Release|Any CPU.Build.0 = Release|Any CPU
		{0CBB2144-DB4B-440D-8166-2E571DFBF2FD}.Release|Any CPU.Deploy.0 = Release|Any CPU
		{0CBB2144-DB4B-440D-8166-2E571DFBF2FD}.Release|ARM.ActiveCfg = Release|ARM
		{0CBB2144-DB4B-440D-8166-2E571DFBF2FD}.Release|ARM.Build.0 = Release|ARM
		{0CBB2144-DB4B-440D-8166-2E571DFBF2FD}.Release|ARM.Deploy.0 = Release|ARM
		{0CBB2144-DB4B-440D-8166-2E571DFBF2FD}.Release|x64.ActiveCfg = Release|x64
		{0CBB2144-DB4B-440D-8166-2E571DFBF2FD}.Release|x64.Build.0 = Release|x64
		{0CBB2144-DB4B-440D-8166-2E571DFBF2FD}.Release|x64.Deploy.0 = Release|x64
		{0CBB2144-DB4B-440D-8166-2E571DFBF2FD}.Release|x86.ActiveCfg = Release|x86
		{0CBB2144-DB4B-440D-8166-2E571DFBF2FD}.Release|x86.Build.0 = Release|x86
		{0CBB2144-DB4B-440D-8166-2E571DFBF2FD}.Release|x86.Deploy.0 = Release|x86
		{B4F6CA48-97CB-483D-9173-8815925B7208}.Debug|Any CPU.ActiveCfg = Debug|Any CPU
		{B4F6CA48-97CB-483D-9173-8815925B7208}.Debug|Any CPU.Build.0 = Debug|Any CPU
		{B4F6CA48-97CB-483D-9173-8815925B7208}.Debug|Any CPU.Deploy.0 = Debug|Any CPU
		{B4F6CA48-97CB-483D-9173-8815925B7208}.Debug|ARM.ActiveCfg = Debug|ARM
		{B4F6CA48-97CB-483D-9173-8815925B7208}.Debug|ARM.Build.0 = Debug|ARM
		{B4F6CA48-97CB-483D-9173-8815925B7208}.Debug|ARM.Deploy.0 = Debug|ARM
		{B4F6CA48-97CB-483D-9173-8815925B7208}.Debug|x64.ActiveCfg = Debug|Any CPU
		{B4F6CA48-97CB-483D-9173-8815925B7208}.Debug|x64.Build.0 = Debug|Any CPU
		{B4F6CA48-97CB-483D-9173-8815925B7208}.Debug|x64.Deploy.0 = Debug|Any CPU
		{B4F6CA48-97CB-483D-9173-8815925B7208}.Debug|x86.ActiveCfg = Debug|x86
		{B4F6CA48-97CB-483D-9173-8815925B7208}.Debug|x86.Build.0 = Debug|x86
		{B4F6CA48-97CB-483D-9173-8815925B7208}.Debug|x86.Deploy.0 = Debug|x86
		{B4F6CA48-97CB-483D-9173-8815925B7208}.Release|Any CPU.ActiveCfg = Release|Any CPU
		{B4F6CA48-97CB-483D-9173-8815925B7208}.Release|Any CPU.Build.0 = Release|Any CPU
		{B4F6CA48-97CB-483D-9173-8815925B7208}.Release|Any CPU.Deploy.0 = Release|Any CPU
		{B4F6CA48-97CB-483D-9173-8815925B7208}.Release|ARM.ActiveCfg = Release|ARM
		{B4F6CA48-97CB-483D-9173-8815925B7208}.Release|ARM.Build.0 = Release|ARM
		{B4F6CA48-97CB-483D-9173-8815925B7208}.Release|ARM.Deploy.0 = Release|ARM
		{B4F6CA48-97CB-483D-9173-8815925B7208}.Release|x64.ActiveCfg = Release|Any CPU
		{B4F6CA48-97CB-483D-9173-8815925B7208}.Release|x64.Build.0 = Release|Any CPU
		{B4F6CA48-97CB-483D-9173-8815925B7208}.Release|x64.Deploy.0 = Release|Any CPU
		{B4F6CA48-97CB-483D-9173-8815925B7208}.Release|x86.ActiveCfg = Release|x86
		{B4F6CA48-97CB-483D-9173-8815925B7208}.Release|x86.Build.0 = Release|x86
		{B4F6CA48-97CB-483D-9173-8815925B7208}.Release|x86.Deploy.0 = Release|x86
		{AF09C2C2-F7DD-475E-85E8-0DABE88C3571}.Debug|Any CPU.ActiveCfg = Debug|Any CPU
		{AF09C2C2-F7DD-475E-85E8-0DABE88C3571}.Debug|Any CPU.Build.0 = Debug|Any CPU
		{AF09C2C2-F7DD-475E-85E8-0DABE88C3571}.Debug|Any CPU.Deploy.0 = Debug|Any CPU
		{AF09C2C2-F7DD-475E-85E8-0DABE88C3571}.Debug|ARM.ActiveCfg = Debug|ARM
		{AF09C2C2-F7DD-475E-85E8-0DABE88C3571}.Debug|ARM.Build.0 = Debug|ARM
		{AF09C2C2-F7DD-475E-85E8-0DABE88C3571}.Debug|ARM.Deploy.0 = Debug|ARM
		{AF09C2C2-F7DD-475E-85E8-0DABE88C3571}.Debug|x64.ActiveCfg = Debug|x64
		{AF09C2C2-F7DD-475E-85E8-0DABE88C3571}.Debug|x64.Build.0 = Debug|x64
		{AF09C2C2-F7DD-475E-85E8-0DABE88C3571}.Debug|x64.Deploy.0 = Debug|x64
		{AF09C2C2-F7DD-475E-85E8-0DABE88C3571}.Debug|x86.ActiveCfg = Debug|x86
		{AF09C2C2-F7DD-475E-85E8-0DABE88C3571}.Debug|x86.Build.0 = Debug|x86
		{AF09C2C2-F7DD-475E-85E8-0DABE88C3571}.Debug|x86.Deploy.0 = Debug|x86
		{AF09C2C2-F7DD-475E-85E8-0DABE88C3571}.Release|Any CPU.ActiveCfg = Release|Any CPU
		{AF09C2C2-F7DD-475E-85E8-0DABE88C3571}.Release|Any CPU.Build.0 = Release|Any CPU
		{AF09C2C2-F7DD-475E-85E8-0DABE88C3571}.Release|Any CPU.Deploy.0 = Release|Any CPU
		{AF09C2C2-F7DD-475E-85E8-0DABE88C3571}.Release|ARM.ActiveCfg = Release|ARM
		{AF09C2C2-F7DD-475E-85E8-0DABE88C3571}.Release|ARM.Build.0 = Release|ARM
		{AF09C2C2-F7DD-475E-85E8-0DABE88C3571}.Release|ARM.Deploy.0 = Release|ARM
		{AF09C2C2-F7DD-475E-85E8-0DABE88C3571}.Release|x64.ActiveCfg = Release|x64
		{AF09C2C2-F7DD-475E-85E8-0DABE88C3571}.Release|x64.Build.0 = Release|x64
		{AF09C2C2-F7DD-475E-85E8-0DABE88C3571}.Release|x64.Deploy.0 = Release|x64
		{AF09C2C2-F7DD-475E-85E8-0DABE88C3571}.Release|x86.ActiveCfg = Release|x86
		{AF09C2C2-F7DD-475E-85E8-0DABE88C3571}.Release|x86.Build.0 = Release|x86
		{AF09C2C2-F7DD-475E-85E8-0DABE88C3571}.Release|x86.Deploy.0 = Release|x86
		{533F9FC1-D00F-4CE6-8E10-D2938F476AE4}.Debug|Any CPU.ActiveCfg = Debug|Any CPU
		{533F9FC1-D00F-4CE6-8E10-D2938F476AE4}.Debug|Any CPU.Build.0 = Debug|Any CPU
		{533F9FC1-D00F-4CE6-8E10-D2938F476AE4}.Debug|Any CPU.Deploy.0 = Debug|Any CPU
		{533F9FC1-D00F-4CE6-8E10-D2938F476AE4}.Debug|ARM.ActiveCfg = Debug|ARM
		{533F9FC1-D00F-4CE6-8E10-D2938F476AE4}.Debug|ARM.Build.0 = Debug|ARM
		{533F9FC1-D00F-4CE6-8E10-D2938F476AE4}.Debug|ARM.Deploy.0 = Debug|ARM
		{533F9FC1-D00F-4CE6-8E10-D2938F476AE4}.Debug|x64.ActiveCfg = Debug|Any CPU
		{533F9FC1-D00F-4CE6-8E10-D2938F476AE4}.Debug|x64.Build.0 = Debug|Any CPU
		{533F9FC1-D00F-4CE6-8E10-D2938F476AE4}.Debug|x64.Deploy.0 = Debug|Any CPU
		{533F9FC1-D00F-4CE6-8E10-D2938F476AE4}.Debug|x86.ActiveCfg = Debug|x86
		{533F9FC1-D00F-4CE6-8E10-D2938F476AE4}.Debug|x86.Build.0 = Debug|x86
		{533F9FC1-D00F-4CE6-8E10-D2938F476AE4}.Debug|x86.Deploy.0 = Debug|x86
		{533F9FC1-D00F-4CE6-8E10-D2938F476AE4}.Release|Any CPU.ActiveCfg = Release|Any CPU
		{533F9FC1-D00F-4CE6-8E10-D2938F476AE4}.Release|Any CPU.Build.0 = Release|Any CPU
		{533F9FC1-D00F-4CE6-8E10-D2938F476AE4}.Release|Any CPU.Deploy.0 = Release|Any CPU
		{533F9FC1-D00F-4CE6-8E10-D2938F476AE4}.Release|ARM.ActiveCfg = Release|ARM
		{533F9FC1-D00F-4CE6-8E10-D2938F476AE4}.Release|ARM.Build.0 = Release|ARM
		{533F9FC1-D00F-4CE6-8E10-D2938F476AE4}.Release|ARM.Deploy.0 = Release|ARM
		{533F9FC1-D00F-4CE6-8E10-D2938F476AE4}.Release|x64.ActiveCfg = Release|Any CPU
		{533F9FC1-D00F-4CE6-8E10-D2938F476AE4}.Release|x64.Build.0 = Release|Any CPU
		{533F9FC1-D00F-4CE6-8E10-D2938F476AE4}.Release|x64.Deploy.0 = Release|Any CPU
		{533F9FC1-D00F-4CE6-8E10-D2938F476AE4}.Release|x86.ActiveCfg = Release|x86
		{533F9FC1-D00F-4CE6-8E10-D2938F476AE4}.Release|x86.Build.0 = Release|x86
		{533F9FC1-D00F-4CE6-8E10-D2938F476AE4}.Release|x86.Deploy.0 = Release|x86
	EndGlobalSection
	GlobalSection(SolutionProperties) = preSolution
		HideSolutionNode = FALSE
	EndGlobalSection
	GlobalSection(NestedProjects) = preSolution
		{EF0728E4-8840-47F9-9CEF-6C28642FF82C} = {BCC73D09-5962-435C-8A58-9AA7B578CFB3}
		{E4797013-4892-4760-BF85-0131D9B92440} = {BCC73D09-5962-435C-8A58-9AA7B578CFB3}
		{6C61DC1F-1BA6-46A4-940F-6D92EDD19821} = {BCC73D09-5962-435C-8A58-9AA7B578CFB3}
		{49DB8F43-0EDE-43BB-BFE6-80021281449F} = {A46AF472-B85E-4CAD-8750-3F7037818F73}
		{D6152041-AA43-4809-A0CF-526A5E53B6D9} = {A46AF472-B85E-4CAD-8750-3F7037818F73}
		{5BE1A97A-488A-4FBE-950E-4AC7D96DAE3D} = {A46AF472-B85E-4CAD-8750-3F7037818F73}
		{FAA64625-5FA0-4A55-9FBA-758C84393447} = {5035B0F5-CC27-4608-A13D-6ACDA0A6444D}
		{78FD266F-A9B9-4AED-A74D-08F14BEDCD48} = {5035B0F5-CC27-4608-A13D-6ACDA0A6444D}
		{5C7E0E66-24C0-405F-817B-D92919F2E42F} = {5035B0F5-CC27-4608-A13D-6ACDA0A6444D}
		{613582E9-A8BF-498F-A7EC-DA6B076216F1} = {BD0A8485-5CDD-43A0-816B-23ADAF95A2FE}
		{A8F87591-F91C-4282-9E44-79A3B955D102} = {BD0A8485-5CDD-43A0-816B-23ADAF95A2FE}
		{640DE7C0-CC7F-4D81-B8DD-408470926560} = {BD0A8485-5CDD-43A0-816B-23ADAF95A2FE}
		{EC18609C-AA4A-4B5F-AC94-3C2C0655A72F} = {2D9DFBBC-E79B-4140-9E2F-C70711378E14}
		{6C662663-219A-4FD5-AE86-D67E44C1A233} = {2D9DFBBC-E79B-4140-9E2F-C70711378E14}
		{56227EDB-F236-47F4-B5E0-BD4166D7C35D} = {2D9DFBBC-E79B-4140-9E2F-C70711378E14}
		{D3C3A7E2-C3FF-4E5C-B30E-C4802C6ABBFB} = {A4B84ECE-7C3D-48E5-A535-18B2E3418C90}
		{2A89B172-0380-4C8C-891C-7852015D405B} = {A4B84ECE-7C3D-48E5-A535-18B2E3418C90}
		{79B6F6CF-E20A-4418-B784-0CB0A59A586F} = {A4B84ECE-7C3D-48E5-A535-18B2E3418C90}
		{DB25D176-6C74-4F2C-8E01-B9294D6110D6} = {162D1C39-8367-45CF-9BBB-10A61AE8DC0E}
		{13E6719C-CB6D-42A2-AB12-978E34535C71} = {162D1C39-8367-45CF-9BBB-10A61AE8DC0E}
		{165EFB94-62F5-46D2-9334-B2E9A607A801} = {162D1C39-8367-45CF-9BBB-10A61AE8DC0E}
		{13DCC669-9236-4B25-8EB8-44CC7F146790} = {CC22E56F-DB2A-43E4-B791-5E1CF933C633}
		{0CBB2144-DB4B-440D-8166-2E571DFBF2FD} = {CC22E56F-DB2A-43E4-B791-5E1CF933C633}
		{B4F6CA48-97CB-483D-9173-8815925B7208} = {CC22E56F-DB2A-43E4-B791-5E1CF933C633}
		{778DF251-5EFC-4ED0-B007-EBD34FDDFC96} = {2199DE7D-7A40-477C-8BE0-645FBF2B39D7}
		{AF09C2C2-F7DD-475E-85E8-0DABE88C3571} = {2199DE7D-7A40-477C-8BE0-645FBF2B39D7}
		{533F9FC1-D00F-4CE6-8E10-D2938F476AE4} = {2199DE7D-7A40-477C-8BE0-645FBF2B39D7}
	EndGlobalSection
EndGlobal
