
Microsoft Visual Studio Solution File, Format Version 12.00
# Visual Studio 14
VisualStudioVersion = 14.0.22310.1
MinimumVisualStudioVersion = 10.0.40219.1
Project("{2150E333-8FDC-42A3-9474-1A3956D46DE8}") = "MVVMLight-BasicDemo", "MVVMLight-BasicDemo", "{BCC73D09-5962-435C-8A58-9AA7B578CFB3}"
EndProject
Project("{D954291E-2A0B-460D-934E-DC6B0785DB48}") = "MVVMLightDemo.Shared", "MVVMLightDemo\MVVMLightDemo.Shared\MVVMLightDemo.Shared.shproj", "{EF0728E4-8840-47F9-9CEF-6C28642FF82C}"
EndProject
Project("{FAE04EC0-301F-11D3-BF4B-00C04F79EFBC}") = "MVVMLightDemo.Windows", "MVVMLightDemo\MVVMLightDemo.Windows\MVVMLightDemo.Windows.csproj", "{E4797013-4892-4760-BF85-0131D9B92440}"
EndProject
Project("{FAE04EC0-301F-11D3-BF4B-00C04F79EFBC}") = "MVVMLightDemo.WindowsPhone", "MVVMLightDemo\MVVMLightDemo.WindowsPhone\MVVMLightDemo.WindowsPhone.csproj", "{6C61DC1F-1BA6-46A4-940F-6D92EDD19821}"
EndProject
Project("{2150E333-8FDC-42A3-9474-1A3956D46DE8}") = "MVVMLight-DesignData", "MVVMLight-DesignData", "{A46AF472-B85E-4CAD-8750-3F7037818F73}"
EndProject
Project("{D954291E-2A0B-460D-934E-DC6B0785DB48}") = "MVVMLightDesignData.Shared", "MVVMLightDesignData\MVVMLightDesignData.Shared\MVVMLightDesignData.Shared.shproj", "{49DB8F43-0EDE-43BB-BFE6-80021281449F}"
EndProject
Project("{FAE04EC0-301F-11D3-BF4B-00C04F79EFBC}") = "MVVMLightDesignData.Windows", "MVVMLightDesignData\MVVMLightDesignData.Windows\MVVMLightDesignData.Windows.csproj", "{D6152041-AA43-4809-A0CF-526A5E53B6D9}"
EndProject
Project("{FAE04EC0-301F-11D3-BF4B-00C04F79EFBC}") = "MVVMLightDesignData.WindowsPhone", "MVVMLightDesignData\MVVMLightDesignData.WindowsPhone\MVVMLightDesignData.WindowsPhone.csproj", "{5BE1A97A-488A-4FBE-950E-4AC7D96DAE3D}"
EndProject
Global
	GlobalSection(SharedMSBuildProjectFiles) = preSolution
		MVVMLightDemo\MVVMLightDemo.Shared\MVVMLightDemo.Shared.projitems*{e4797013-4892-4760-bf85-0131d9b92440}*SharedItemsImports = 4
		MVVMLightDesignData\MVVMLightDesignData.Shared\MVVMLightDesignData.Shared.projitems*{49db8f43-0ede-43bb-bfe6-80021281449f}*SharedItemsImports = 13
		MVVMLightDemo\MVVMLightDemo.Shared\MVVMLightDemo.Shared.projitems*{ef0728e4-8840-47f9-9cef-6c28642ff82c}*SharedItemsImports = 13
		MVVMLightDemo\MVVMLightDemo.Shared\MVVMLightDemo.Shared.projitems*{6c61dc1f-1ba6-46a4-940f-6d92edd19821}*SharedItemsImports = 4
		MVVMLightDesignData\MVVMLightDesignData.Shared\MVVMLightDesignData.Shared.projitems*{d6152041-aa43-4809-a0cf-526a5e53b6d9}*SharedItemsImports = 4
		MVVMLightDesignData\MVVMLightDesignData.Shared\MVVMLightDesignData.Shared.projitems*{5be1a97a-488a-4fbe-950e-4ac7d96dae3d}*SharedItemsImports = 4
	EndGlobalSection
	GlobalSection(SolutionConfigurationPlatforms) = preSolution
		Debug|Any CPU = Debug|Any CPU
		Debug|ARM = Debug|ARM
		Debug|x64 = Debug|x64
		Debug|x86 = Debug|x86
		Release|Any CPU = Release|Any CPU
		Release|ARM = Release|ARM
		Release|x64 = Release|x64
		Release|x86 = Release|x86
	EndGlobalSection
	GlobalSection(ProjectConfigurationPlatforms) = postSolution
		{E4797013-4892-4760-BF85-0131D9B92440}.Debug|Any CPU.ActiveCfg = Debug|Any CPU
		{E4797013-4892-4760-BF85-0131D9B92440}.Debug|Any CPU.Build.0 = Debug|Any CPU
		{E4797013-4892-4760-BF85-0131D9B92440}.Debug|Any CPU.Deploy.0 = Debug|Any CPU
		{E4797013-4892-4760-BF85-0131D9B92440}.Debug|ARM.ActiveCfg = Debug|ARM
		{E4797013-4892-4760-BF85-0131D9B92440}.Debug|ARM.Build.0 = Debug|ARM
		{E4797013-4892-4760-BF85-0131D9B92440}.Debug|ARM.Deploy.0 = Debug|ARM
		{E4797013-4892-4760-BF85-0131D9B92440}.Debug|x64.ActiveCfg = Debug|x64
		{E4797013-4892-4760-BF85-0131D9B92440}.Debug|x64.Build.0 = Debug|x64
		{E4797013-4892-4760-BF85-0131D9B92440}.Debug|x64.Deploy.0 = Debug|x64
		{E4797013-4892-4760-BF85-0131D9B92440}.Debug|x86.ActiveCfg = Debug|x86
		{E4797013-4892-4760-BF85-0131D9B92440}.Debug|x86.Build.0 = Debug|x86
		{E4797013-4892-4760-BF85-0131D9B92440}.Debug|x86.Deploy.0 = Debug|x86
		{E4797013-4892-4760-BF85-0131D9B92440}.Release|Any CPU.ActiveCfg = Release|Any CPU
		{E4797013-4892-4760-BF85-0131D9B92440}.Release|Any CPU.Build.0 = Release|Any CPU
		{E4797013-4892-4760-BF85-0131D9B92440}.Release|Any CPU.Deploy.0 = Release|Any CPU
		{E4797013-4892-4760-BF85-0131D9B92440}.Release|ARM.ActiveCfg = Release|ARM
		{E4797013-4892-4760-BF85-0131D9B92440}.Release|ARM.Build.0 = Release|ARM
		{E4797013-4892-4760-BF85-0131D9B92440}.Release|ARM.Deploy.0 = Release|ARM
		{E4797013-4892-4760-BF85-0131D9B92440}.Release|x64.ActiveCfg = Release|x64
		{E4797013-4892-4760-BF85-0131D9B92440}.Release|x64.Build.0 = Release|x64
		{E4797013-4892-4760-BF85-0131D9B92440}.Release|x64.Deploy.0 = Release|x64
		{E4797013-4892-4760-BF85-0131D9B92440}.Release|x86.ActiveCfg = Release|x86
		{E4797013-4892-4760-BF85-0131D9B92440}.Release|x86.Build.0 = Release|x86
		{E4797013-4892-4760-BF85-0131D9B92440}.Release|x86.Deploy.0 = Release|x86
		{6C61DC1F-1BA6-46A4-940F-6D92EDD19821}.Debug|Any CPU.ActiveCfg = Debug|Any CPU
		{6C61DC1F-1BA6-46A4-940F-6D92EDD19821}.Debug|Any CPU.Build.0 = Debug|Any CPU
		{6C61DC1F-1BA6-46A4-940F-6D92EDD19821}.Debug|Any CPU.Deploy.0 = Debug|Any CPU
		{6C61DC1F-1BA6-46A4-940F-6D92EDD19821}.Debug|ARM.ActiveCfg = Debug|ARM
		{6C61DC1F-1BA6-46A4-940F-6D92EDD19821}.Debug|ARM.Build.0 = Debug|ARM
		{6C61DC1F-1BA6-46A4-940F-6D92EDD19821}.Debug|ARM.Deploy.0 = Debug|ARM
		{6C61DC1F-1BA6-46A4-940F-6D92EDD19821}.Debug|x64.ActiveCfg = Debug|Any CPU
		{6C61DC1F-1BA6-46A4-940F-6D92EDD19821}.Debug|x64.Build.0 = Debug|Any CPU
		{6C61DC1F-1BA6-46A4-940F-6D92EDD19821}.Debug|x64.Deploy.0 = Debug|Any CPU
		{6C61DC1F-1BA6-46A4-940F-6D92EDD19821}.Debug|x86.ActiveCfg = Debug|x86
		{6C61DC1F-1BA6-46A4-940F-6D92EDD19821}.Debug|x86.Build.0 = Debug|x86
		{6C61DC1F-1BA6-46A4-940F-6D92EDD19821}.Debug|x86.Deploy.0 = Debug|x86
		{6C61DC1F-1BA6-46A4-940F-6D92EDD19821}.Release|Any CPU.ActiveCfg = Release|Any CPU
		{6C61DC1F-1BA6-46A4-940F-6D92EDD19821}.Release|Any CPU.Build.0 = Release|Any CPU
		{6C61DC1F-1BA6-46A4-940F-6D92EDD19821}.Release|Any CPU.Deploy.0 = Release|Any CPU
		{6C61DC1F-1BA6-46A4-940F-6D92EDD19821}.Release|ARM.ActiveCfg = Release|ARM
		{6C61DC1F-1BA6-46A4-940F-6D92EDD19821}.Release|ARM.Build.0 = Release|ARM
		{6C61DC1F-1BA6-46A4-940F-6D92EDD19821}.Release|ARM.Deploy.0 = Release|ARM
		{6C61DC1F-1BA6-46A4-940F-6D92EDD19821}.Release|x64.ActiveCfg = Release|Any CPU
		{6C61DC1F-1BA6-46A4-940F-6D92EDD19821}.Release|x64.Build.0 = Release|Any CPU
		{6C61DC1F-1BA6-46A4-940F-6D92EDD19821}.Release|x64.Deploy.0 = Release|Any CPU
		{6C61DC1F-1BA6-46A4-940F-6D92EDD19821}.Release|x86.ActiveCfg = Release|x86
		{6C61DC1F-1BA6-46A4-940F-6D92EDD19821}.Release|x86.Build.0 = Release|x86
		{6C61DC1F-1BA6-46A4-940F-6D92EDD19821}.Release|x86.Deploy.0 = Release|x86
		{D6152041-AA43-4809-A0CF-526A5E53B6D9}.Debug|Any CPU.ActiveCfg = Debug|Any CPU
		{D6152041-AA43-4809-A0CF-526A5E53B6D9}.Debug|Any CPU.Build.0 = Debug|Any CPU
		{D6152041-AA43-4809-A0CF-526A5E53B6D9}.Debug|Any CPU.Deploy.0 = Debug|Any CPU
		{D6152041-AA43-4809-A0CF-526A5E53B6D9}.Debug|ARM.ActiveCfg = Debug|ARM
		{D6152041-AA43-4809-A0CF-526A5E53B6D9}.Debug|ARM.Build.0 = Debug|ARM
		{D6152041-AA43-4809-A0CF-526A5E53B6D9}.Debug|ARM.Deploy.0 = Debug|ARM
		{D6152041-AA43-4809-A0CF-526A5E53B6D9}.Debug|x64.ActiveCfg = Debug|x64
		{D6152041-AA43-4809-A0CF-526A5E53B6D9}.Debug|x64.Build.0 = Debug|x64
		{D6152041-AA43-4809-A0CF-526A5E53B6D9}.Debug|x64.Deploy.0 = Debug|x64
		{D6152041-AA43-4809-A0CF-526A5E53B6D9}.Debug|x86.ActiveCfg = Debug|x86
		{D6152041-AA43-4809-A0CF-526A5E53B6D9}.Debug|x86.Build.0 = Debug|x86
		{D6152041-AA43-4809-A0CF-526A5E53B6D9}.Debug|x86.Deploy.0 = Debug|x86
		{D6152041-AA43-4809-A0CF-526A5E53B6D9}.Release|Any CPU.ActiveCfg = Release|Any CPU
		{D6152041-AA43-4809-A0CF-526A5E53B6D9}.Release|Any CPU.Build.0 = Release|Any CPU
		{D6152041-AA43-4809-A0CF-526A5E53B6D9}.Release|Any CPU.Deploy.0 = Release|Any CPU
		{D6152041-AA43-4809-A0CF-526A5E53B6D9}.Release|ARM.ActiveCfg = Release|ARM
		{D6152041-AA43-4809-A0CF-526A5E53B6D9}.Release|ARM.Build.0 = Release|ARM
		{D6152041-AA43-4809-A0CF-526A5E53B6D9}.Release|ARM.Deploy.0 = Release|ARM
		{D6152041-AA43-4809-A0CF-526A5E53B6D9}.Release|x64.ActiveCfg = Release|x64
		{D6152041-AA43-4809-A0CF-526A5E53B6D9}.Release|x64.Build.0 = Release|x64
		{D6152041-AA43-4809-A0CF-526A5E53B6D9}.Release|x64.Deploy.0 = Release|x64
		{D6152041-AA43-4809-A0CF-526A5E53B6D9}.Release|x86.ActiveCfg = Release|x86
		{D6152041-AA43-4809-A0CF-526A5E53B6D9}.Release|x86.Build.0 = Release|x86
		{D6152041-AA43-4809-A0CF-526A5E53B6D9}.Release|x86.Deploy.0 = Release|x86
		{5BE1A97A-488A-4FBE-950E-4AC7D96DAE3D}.Debug|Any CPU.ActiveCfg = Debug|Any CPU
		{5BE1A97A-488A-4FBE-950E-4AC7D96DAE3D}.Debug|Any CPU.Build.0 = Debug|Any CPU
		{5BE1A97A-488A-4FBE-950E-4AC7D96DAE3D}.Debug|Any CPU.Deploy.0 = Debug|Any CPU
		{5BE1A97A-488A-4FBE-950E-4AC7D96DAE3D}.Debug|ARM.ActiveCfg = Debug|ARM
		{5BE1A97A-488A-4FBE-950E-4AC7D96DAE3D}.Debug|ARM.Build.0 = Debug|ARM
		{5BE1A97A-488A-4FBE-950E-4AC7D96DAE3D}.Debug|ARM.Deploy.0 = Debug|ARM
		{5BE1A97A-488A-4FBE-950E-4AC7D96DAE3D}.Debug|x64.ActiveCfg = Debug|Any CPU
		{5BE1A97A-488A-4FBE-950E-4AC7D96DAE3D}.Debug|x64.Build.0 = Debug|Any CPU
		{5BE1A97A-488A-4FBE-950E-4AC7D96DAE3D}.Debug|x64.Deploy.0 = Debug|Any CPU
		{5BE1A97A-488A-4FBE-950E-4AC7D96DAE3D}.Debug|x86.ActiveCfg = Debug|x86
		{5BE1A97A-488A-4FBE-950E-4AC7D96DAE3D}.Debug|x86.Build.0 = Debug|x86
		{5BE1A97A-488A-4FBE-950E-4AC7D96DAE3D}.Debug|x86.Deploy.0 = Debug|x86
		{5BE1A97A-488A-4FBE-950E-4AC7D96DAE3D}.Release|Any CPU.ActiveCfg = Release|Any CPU
		{5BE1A97A-488A-4FBE-950E-4AC7D96DAE3D}.Release|Any CPU.Build.0 = Release|Any CPU
		{5BE1A97A-488A-4FBE-950E-4AC7D96DAE3D}.Release|Any CPU.Deploy.0 = Release|Any CPU
		{5BE1A97A-488A-4FBE-950E-4AC7D96DAE3D}.Release|ARM.ActiveCfg = Release|ARM
		{5BE1A97A-488A-4FBE-950E-4AC7D96DAE3D}.Release|ARM.Build.0 = Release|ARM
		{5BE1A97A-488A-4FBE-950E-4AC7D96DAE3D}.Release|ARM.Deploy.0 = Release|ARM
		{5BE1A97A-488A-4FBE-950E-4AC7D96DAE3D}.Release|x64.ActiveCfg = Release|Any CPU
		{5BE1A97A-488A-4FBE-950E-4AC7D96DAE3D}.Release|x64.Build.0 = Release|Any CPU
		{5BE1A97A-488A-4FBE-950E-4AC7D96DAE3D}.Release|x64.Deploy.0 = Release|Any CPU
		{5BE1A97A-488A-4FBE-950E-4AC7D96DAE3D}.Release|x86.ActiveCfg = Release|x86
		{5BE1A97A-488A-4FBE-950E-4AC7D96DAE3D}.Release|x86.Build.0 = Release|x86
		{5BE1A97A-488A-4FBE-950E-4AC7D96DAE3D}.Release|x86.Deploy.0 = Release|x86
	EndGlobalSection
	GlobalSection(SolutionProperties) = preSolution
		HideSolutionNode = FALSE
	EndGlobalSection
	GlobalSection(NestedProjects) = preSolution
		{EF0728E4-8840-47F9-9CEF-6C28642FF82C} = {BCC73D09-5962-435C-8A58-9AA7B578CFB3}
		{E4797013-4892-4760-BF85-0131D9B92440} = {BCC73D09-5962-435C-8A58-9AA7B578CFB3}
		{6C61DC1F-1BA6-46A4-940F-6D92EDD19821} = {BCC73D09-5962-435C-8A58-9AA7B578CFB3}
		{49DB8F43-0EDE-43BB-BFE6-80021281449F} = {A46AF472-B85E-4CAD-8750-3F7037818F73}
		{D6152041-AA43-4809-A0CF-526A5E53B6D9} = {A46AF472-B85E-4CAD-8750-3F7037818F73}
		{5BE1A97A-488A-4FBE-950E-4AC7D96DAE3D} = {A46AF472-B85E-4CAD-8750-3F7037818F73}
	EndGlobalSection
EndGlobal
